
Microsoft Visual Studio Solution File, Format Version 12.00
# Visual Studio Version 17
VisualStudioVersion = 17.0.32112.339
MinimumVisualStudioVersion = 10.0.40219.1
Project("{FAE04EC0-301F-11D3-BF4B-00C04F79EFBC}") = "Aula 03", "Aula 03\Aula 03.csproj", "{1A1BE31C-5126-43AC-9C3B-F3992996AC98}"
EndProject
Global
	GlobalSection(SolutionConfigurationPlatforms) = preSolution
		Debug|Any CPU = Debug|Any CPU
		Release|Any CPU = Release|Any CPU
	EndGlobalSection
	GlobalSection(ProjectConfigurationPlatforms) = postSolution
		{1A1BE31C-5126-43AC-9C3B-F3992996AC98}.Debug|Any CPU.ActiveCfg = Debug|Any CPU
		{1A1BE31C-5126-43AC-9C3B-F3992996AC98}.Debug|Any CPU.Build.0 = Debug|Any CPU
		{1A1BE31C-5126-43AC-9C3B-F3992996AC98}.Release|Any CPU.ActiveCfg = Release|Any CPU
		{1A1BE31C-5126-43AC-9C3B-F3992996AC98}.Release|Any CPU.Build.0 = Release|Any CPU
	EndGlobalSection
	GlobalSection(SolutionProperties) = preSolution
		HideSolutionNode = FALSE
	EndGlobalSection
	GlobalSection(ExtensibilityGlobals) = postSolution
		SolutionGuid = {0FC6222F-884B-4222-B36C-EDEFC0BD78A5}
	EndGlobalSection
EndGlobal
